setuptools @ https://files.pythonhosted.org/packages/41/82/7f54bbfe5c247a8c9f78d8d1d7c051847bcb78843c397b866dba335c1e88/setuptools-65.5.0-py3-none-any.whl --hash=sha256:f62ea9da9ed6289bfe868cd6845968a2c854d1427f8548d52cae02a42b4f0356
wheel @ https://files.pythonhosted.org/packages/0b/2c/87f3254fd8ffd29e4c02732eee68a83a1d3c346ae39bc6822dcbcb697f2b/wheel-0.45.1-py3-none-any.whl --hash=sha256:708e7481cc80179af0e556bbf0cc00b8444c7321e2700b8d8580231d13017248
